
Microsoft Visual Studio Solution File, Format Version 12.00
# Visual Studio Version 16
VisualStudioVersion = 16.0.31613.86
MinimumVisualStudioVersion = 10.0.40219.1
Project("{FAE04EC0-301F-11D3-BF4B-00C04F79EFBC}") = "ReverseArray", "ReverseArray.csproj", "{F5B1D558-53F8-404D-864F-FC21B9E7BCA5}"
EndProject
Global
	GlobalSection(SolutionConfigurationPlatforms) = preSolution
		Debug|Any CPU = Debug|Any CPU
		Release|Any CPU = Release|Any CPU
	EndGlobalSection
	GlobalSection(ProjectConfigurationPlatforms) = postSolution
		{F5B1D558-53F8-404D-864F-FC21B9E7BCA5}.Debug|Any CPU.ActiveCfg = Debug|Any CPU
		{F5B1D558-53F8-404D-864F-FC21B9E7BCA5}.Debug|Any CPU.Build.0 = Debug|Any CPU
		{F5B1D558-53F8-404D-864F-FC21B9E7BCA5}.Release|Any CPU.ActiveCfg = Release|Any CPU
		{F5B1D558-53F8-404D-864F-FC21B9E7BCA5}.Release|Any CPU.Build.0 = Release|Any CPU
	EndGlobalSection
	GlobalSection(SolutionProperties) = preSolution
		HideSolutionNode = FALSE
	EndGlobalSection
	GlobalSection(ExtensibilityGlobals) = postSolution
		SolutionGuid = {70DFD4F3-9641-42F9-9E2C-82A04D27318F}
	EndGlobalSection
EndGlobal
